# THIS IS AN AUTOGENERATED FILE. DO NOT EDIT THIS FILE DIRECTLY.
# yarn lockfile v1


game-kiln@^0.2.1:
  version "0.2.1"
  resolved "https://registry.yarnpkg.com/game-kiln/-/game-kiln-0.2.1.tgz#0b139d8b373af1a8f48e532be7cc6ac447f2e5e5"
  integrity sha512-OfDsRM4KfpSPXEicHqp8OlS+8mGr6hlu/LPIgW7PBQvGAaDv61e1c6kiK2q+HQygSaJaDLia+wvpxaMTK/hnjQ==
  dependencies:
    lodash "^4.17.11"

lodash@^4.17.11:
  version "4.17.15"
  resolved "https://registry.yarnpkg.com/lodash/-/lodash-4.17.15.tgz#b447f6670a0455bbfeedd11392eff330ea097548"
  integrity sha512-8xOcRHvCjnocdS5cpwXQXVzmmh5e5+saE2QGoeQmbKmRS6J3VQppPOIt0MnmE+4xlZoumy0GPG0D0MVIQbNA1A==
